{
  "name": "novosite",
  "version": "1.0.0",
  "lockfileVersion": 3,
  "requires": true,
  "packages": {
    "": {
      "name": "novosite",
      "version": "1.0.0",
      "license": "ISC",
      "dependencies": {
        "parceljs": "^0.0.1"
      }
    },
    "node_modules/parceljs": {
      "version": "0.0.1",
      "resolved": "https://registry.npmjs.org/parceljs/-/parceljs-0.0.1.tgz",
      "integrity": "sha512-xbAtX3nhxitWdiuL4q3FAiZ21hO45N33iZBPg79hat0AnX9NserDl/FyroFrzaPNBDK+YVXs/CXKbMv6bc0wcw==",
      "license": "MIT"
    }
  }
}
